
Microsoft Visual Studio Solution File, Format Version 12.00
# Visual Studio Version 17
VisualStudioVersion = 17.5.002.0
MinimumVisualStudioVersion = 10.0.40219.1
Project("{9A19103F-16F7-4668-BE54-9A1E7A4F7556}") = "MyApi", "MyApi.csproj", "{9C11E2A6-B2B6-4D29-965A-81AC84FC3E69}"
EndProject
Global
	GlobalSection(SolutionConfigurationPlatforms) = preSolution
		Debug|Any CPU = Debug|Any CPU
		Release|Any CPU = Release|Any CPU
	EndGlobalSection
	GlobalSection(ProjectConfigurationPlatforms) = postSolution
		{9C11E2A6-B2B6-4D29-965A-81AC84FC3E69}.Debug|Any CPU.ActiveCfg = Debug|Any CPU
		{9C11E2A6-B2B6-4D29-965A-81AC84FC3E69}.Debug|Any CPU.Build.0 = Debug|Any CPU
		{9C11E2A6-B2B6-4D29-965A-81AC84FC3E69}.Release|Any CPU.ActiveCfg = Release|Any CPU
		{9C11E2A6-B2B6-4D29-965A-81AC84FC3E69}.Release|Any CPU.Build.0 = Release|Any CPU
	EndGlobalSection
	GlobalSection(SolutionProperties) = preSolution
		HideSolutionNode = FALSE
	EndGlobalSection
	GlobalSection(ExtensibilityGlobals) = postSolution
		SolutionGuid = {2FD39D6E-B9D3-47DC-A703-C57DEB482462}
	EndGlobalSection
EndGlobal
